
Microsoft Visual Studio Solution File, Format Version 12.00
# Visual Studio Version 17
VisualStudioVersion = 17.14.36203.30 d17.14
MinimumVisualStudioVersion = 10.0.40219.1
Project("{FAE04EC0-301F-11D3-BF4B-00C04F79EFBC}") = "sixteen", "sixteen\sixteen.csproj", "{9925A401-073C-4939-8F63-09360A228715}"
EndProject
Global
	GlobalSection(SolutionConfigurationPlatforms) = preSolution
		Debug|Any CPU = Debug|Any CPU
		Release|Any CPU = Release|Any CPU
	EndGlobalSection
	GlobalSection(ProjectConfigurationPlatforms) = postSolution
		{9925A401-073C-4939-8F63-09360A228715}.Debug|Any CPU.ActiveCfg = Debug|Any CPU
		{9925A401-073C-4939-8F63-09360A228715}.Debug|Any CPU.Build.0 = Debug|Any CPU
		{9925A401-073C-4939-8F63-09360A228715}.Release|Any CPU.ActiveCfg = Release|Any CPU
		{9925A401-073C-4939-8F63-09360A228715}.Release|Any CPU.Build.0 = Release|Any CPU
	EndGlobalSection
	GlobalSection(SolutionProperties) = preSolution
		HideSolutionNode = FALSE
	EndGlobalSection
	GlobalSection(ExtensibilityGlobals) = postSolution
		SolutionGuid = {28245D98-3682-418A-9874-65C65557DF69}
	EndGlobalSection
EndGlobal
